// !$*UTF8*$!
{
	archiveVersion = 1;
	classes = {
	};
	objectVersion = 51;
	objects = {

/* Begin PBXBuildFile section */
		046A8DE224E53B1F557D9BBB /* Pods_WishUponAStar.framework in Frameworks */ = {isa = PBXBuildFile; fileRef = 8A58A16CF1BAF8CDBC18C2E1 /* Pods_WishUponAStar.framework */; };
		385638CE87A2706E2FA0C1D9 /* Pods_WishUponAStarTests.framework in Frameworks */ = {isa = PBXBuildFile; fileRef = 72C91E65AD886FCBC59FF0F4 /* Pods_WishUponAStarTests.framework */; };
		8B11F4A725E38E8500A5CB8A /* AppDelegate.swift in Sources */ = {isa = PBXBuildFile; fileRef = 8B11F4A625E38E8500A5CB8A /* AppDelegate.swift */; };
		8B11F4A925E38E8500A5CB8A /* SceneDelegate.swift in Sources */ = {isa = PBXBuildFile; fileRef = 8B11F4A825E38E8500A5CB8A /* SceneDelegate.swift */; };
		8B11F4AB25E38E8500A5CB8A /* ViewController.swift in Sources */ = {isa = PBXBuildFile; fileRef = 8B11F4AA25E38E8500A5CB8A /* ViewController.swift */; };
		8B11F4AE25E38E8500A5CB8A /* Main.storyboard in Resources */ = {isa = PBXBuildFile; fileRef = 8B11F4AC25E38E8500A5CB8A /* Main.storyboard */; };
		8B11F4B025E38E8700A5CB8A /* Assets.xcassets in Resources */ = {isa = PBXBuildFile; fileRef = 8B11F4AF25E38E8700A5CB8A /* Assets.xcassets */; };
		8B11F4B325E38E8700A5CB8A /* LaunchScreen.storyboard in Resources */ = {isa = PBXBuildFile; fileRef = 8B11F4B125E38E8700A5CB8A /* LaunchScreen.storyboard */; };
		8B11F4BE25E38E8700A5CB8A /* WishUponAStarTests.swift in Sources */ = {isa = PBXBuildFile; fileRef = 8B11F4BD25E38E8700A5CB8A /* WishUponAStarTests.swift */; };
		8B11F4C925E38E8700A5CB8A /* WishUponAStarUITests.swift in Sources */ = {isa = PBXBuildFile; fileRef = 8B11F4C825E38E8700A5CB8A /* WishUponAStarUITests.swift */; };
		8B11F4DD25E390B100A5CB8A /* Designable.swift in Sources */ = {isa = PBXBuildFile; fileRef = 8B11F4DC25E390B100A5CB8A /* Designable.swift */; };
		8B1D5E1C25E7781100875F60 /* TutorialViewController.swift in Sources */ = {isa = PBXBuildFile; fileRef = 8B1D5E1B25E7781100875F60 /* TutorialViewController.swift */; };
		8B1D5E3025EC8A5C00875F60 /* PaddingLabel.swift in Sources */ = {isa = PBXBuildFile; fileRef = 8B1D5E2F25EC8A5C00875F60 /* PaddingLabel.swift */; };
		8B1D5E3B25ECC1DF00875F60 /* CALayer_Extension.swift in Sources */ = {isa = PBXBuildFile; fileRef = 8B1D5E3A25ECC1DF00875F60 /* CALayer_Extension.swift */; };
		8B1D5E6A25ED0F8400875F60 /* ListViewController.swift in Sources */ = {isa = PBXBuildFile; fileRef = 8B1D5E6925ED0F8400875F60 /* ListViewController.swift */; };
		8B1D5E8D25EE1DE100875F60 /* GoogleService-Info.plist in Resources */ = {isa = PBXBuildFile; fileRef = 8B1D5E8C25EE1DE100875F60 /* GoogleService-Info.plist */; };
		8B1D5E8E25EE1DE100875F60 /* GoogleService-Info.plist in Resources */ = {isa = PBXBuildFile; fileRef = 8B1D5E8C25EE1DE100875F60 /* GoogleService-Info.plist */; };
		8B1D5E8F25EE1DE100875F60 /* GoogleService-Info.plist in Resources */ = {isa = PBXBuildFile; fileRef = 8B1D5E8C25EE1DE100875F60 /* GoogleService-Info.plist */; };
		8B3F470325F6855D00420A86 /* SettingsViewController.swift in Sources */ = {isa = PBXBuildFile; fileRef = 8B3F470225F6855D00420A86 /* SettingsViewController.swift */; };
		8B3F471425F6917D00420A86 /* DetailViewController.swift in Sources */ = {isa = PBXBuildFile; fileRef = 8B3F471325F6917D00420A86 /* DetailViewController.swift */; };
		8B52DE6A25E4D15A003CA9A9 /* WishViewController.swift in Sources */ = {isa = PBXBuildFile; fileRef = 8B52DE6925E4D15A003CA9A9 /* WishViewController.swift */; };
		8B52DE7525E4E02C003CA9A9 /* PostView.swift in Sources */ = {isa = PBXBuildFile; fileRef = 8B52DE7425E4E02C003CA9A9 /* PostView.swift */; };
		8B52DE7A25E4E045003CA9A9 /* PostView.xib in Resources */ = {isa = PBXBuildFile; fileRef = 8B52DE7925E4E045003CA9A9 /* PostView.xib */; };
		8B52DE7F25E50A2B003CA9A9 /* Extensions.swift in Sources */ = {isa = PBXBuildFile; fileRef = 8B52DE7E25E50A2B003CA9A9 /* Extensions.swift */; };
		8B67311F25F74077006792F7 /* BlockedUidsViewController.swift in Sources */ = {isa = PBXBuildFile; fileRef = 8B67311E25F74077006792F7 /* BlockedUidsViewController.swift */; };
		8B67312A25F76732006792F7 /* EULAViewController.swift in Sources */ = {isa = PBXBuildFile; fileRef = 8B67312925F76732006792F7 /* EULAViewController.swift */; };
		8BA1FD8225FA06B600A0718D /* SetUpWishViewController.swift in Sources */ = {isa = PBXBuildFile; fileRef = 8BA1FD8125FA06B600A0718D /* SetUpWishViewController.swift */; };
		F549572D051CAA0266A67D5A /* Pods_WishUponAStar_WishUponAStarUITests.framework in Frameworks */ = {isa = PBXBuildFile; fileRef = 5F757143FCFB7A08DECC387A /* Pods_WishUponAStar_WishUponAStarUITests.framework */; };
/* End PBXBuildFile section */

/* Begin PBXContainerItemProxy section */
		8B11F4BA25E38E8700A5CB8A /* PBXContainerItemProxy */ = {
			isa = PBXContainerItemProxy;
			containerPortal = 8B11F49B25E38E8500A5CB8A /* Project object */;
			proxyType = 1;
			remoteGlobalIDString = 8B11F4A225E38E8500A5CB8A;
			remoteInfo = WishUponAStar;
		};
		8B11F4C525E38E8700A5CB8A /* PBXContainerItemProxy */ = {
			isa = PBXContainerItemProxy;
			containerPortal = 8B11F49B25E38E8500A5CB8A /* Project object */;
			proxyType = 1;
			remoteGlobalIDString = 8B11F4A225E38E8500A5CB8A;
			remoteInfo = WishUponAStar;
		};
/* End PBXContainerItemProxy section */

/* Begin PBXFileReference section */
		412F4B8F3B4375F7640673AD /* Pods-WishUponAStar.debug.xcconfig */ = {isa = PBXFileReference; includeInIndex = 1; lastKnownFileType = text.xcconfig; name = "Pods-WishUponAStar.debug.xcconfig"; path = "Target Support Files/Pods-WishUponAStar/Pods-WishUponAStar.debug.xcconfig"; sourceTree = "<group>"; };
		5F757143FCFB7A08DECC387A /* Pods_WishUponAStar_WishUponAStarUITests.framework */ = {isa = PBXFileReference; explicitFileType = wrapper.framework; includeInIndex = 0; path = Pods_WishUponAStar_WishUponAStarUITests.framework; sourceTree = BUILT_PRODUCTS_DIR; };
		61C6C43D1B2E296D7EA8F901 /* Pods-WishUponAStar-WishUponAStarUITests.release.xcconfig */ = {isa = PBXFileReference; includeInIndex = 1; lastKnownFileType = text.xcconfig; name = "Pods-WishUponAStar-WishUponAStarUITests.release.xcconfig"; path = "Target Support Files/Pods-WishUponAStar-WishUponAStarUITests/Pods-WishUponAStar-WishUponAStarUITests.release.xcconfig"; sourceTree = "<group>"; };
		72C91E65AD886FCBC59FF0F4 /* Pods_WishUponAStarTests.framework */ = {isa = PBXFileReference; explicitFileType = wrapper.framework; includeInIndex = 0; path = Pods_WishUponAStarTests.framework; sourceTree = BUILT_PRODUCTS_DIR; };
		8A58A16CF1BAF8CDBC18C2E1 /* Pods_WishUponAStar.framework */ = {isa = PBXFileReference; explicitFileType = wrapper.framework; includeInIndex = 0; path = Pods_WishUponAStar.framework; sourceTree = BUILT_PRODUCTS_DIR; };
		8B11F4A325E38E8500A5CB8A /* WishUponAStar.app */ = {isa = PBXFileReference; explicitFileType = wrapper.application; includeInIndex = 0; path = WishUponAStar.app; sourceTree = BUILT_PRODUCTS_DIR; };
		8B11F4A625E38E8500A5CB8A /* AppDelegate.swift */ = {isa = PBXFileReference; lastKnownFileType = sourcecode.swift; path = AppDelegate.swift; sourceTree = "<group>"; };
		8B11F4A825E38E8500A5CB8A /* SceneDelegate.swift */ = {isa = PBXFileReference; lastKnownFileType = sourcecode.swift; path = SceneDelegate.swift; sourceTree = "<group>"; };
		8B11F4AA25E38E8500A5CB8A /* ViewController.swift */ = {isa = PBXFileReference; lastKnownFileType = sourcecode.swift; path = ViewController.swift; sourceTree = "<group>"; };
		8B11F4AD25E38E8500A5CB8A /* Base */ = {isa = PBXFileReference; lastKnownFileType = file.storyboard; name = Base; path = Base.lproj/Main.storyboard; sourceTree = "<group>"; };
		8B11F4AF25E38E8700A5CB8A /* Assets.xcassets */ = {isa = PBXFileReference; lastKnownFileType = folder.assetcatalog; path = Assets.xcassets; sourceTree = "<group>"; };
		8B11F4B225E38E8700A5CB8A /* Base */ = {isa = PBXFileReference; lastKnownFileType = file.storyboard; name = Base; path = Base.lproj/LaunchScreen.storyboard; sourceTree = "<group>"; };
		8B11F4B425E38E8700A5CB8A /* Info.plist */ = {isa = PBXFileReference; lastKnownFileType = text.plist.xml; path = Info.plist; sourceTree = "<group>"; };
		8B11F4B925E38E8700A5CB8A /* WishUponAStarTests.xctest */ = {isa = PBXFileReference; explicitFileType = wrapper.cfbundle; includeInIndex = 0; path = WishUponAStarTests.xctest; sourceTree = BUILT_PRODUCTS_DIR; };
		8B11F4BD25E38E8700A5CB8A /* WishUponAStarTests.swift */ = {isa = PBXFileReference; lastKnownFileType = sourcecode.swift; path = WishUponAStarTests.swift; sourceTree = "<group>"; };
		8B11F4BF25E38E8700A5CB8A /* Info.plist */ = {isa = PBXFileReference; lastKnownFileType = text.plist.xml; path = Info.plist; sourceTree = "<group>"; };
		8B11F4C425E38E8700A5CB8A /* WishUponAStarUITests.xctest */ = {isa = PBXFileReference; explicitFileType = wrapper.cfbundle; includeInIndex = 0; path = WishUponAStarUITests.xctest; sourceTree = BUILT_PRODUCTS_DIR; };
		8B11F4C825E38E8700A5CB8A /* WishUponAStarUITests.swift */ = {isa = PBXFileReference; lastKnownFileType = sourcecode.swift; path = WishUponAStarUITests.swift; sourceTree = "<group>"; };
		8B11F4CA25E38E8700A5CB8A /* Info.plist */ = {isa = PBXFileReference; lastKnownFileType = text.plist.xml; path = Info.plist; sourceTree = "<group>"; };
		8B11F4DC25E390B100A5CB8A /* Designable.swift */ = {isa = PBXFileReference; lastKnownFileType = sourcecode.swift; path = Designable.swift; sourceTree = "<group>"; };
		8B1D5E1B25E7781100875F60 /* TutorialViewController.swift */ = {isa = PBXFileReference; lastKnownFileType = sourcecode.swift; path = TutorialViewController.swift; sourceTree = "<group>"; };
		8B1D5E2F25EC8A5C00875F60 /* PaddingLabel.swift */ = {isa = PBXFileReference; lastKnownFileType = sourcecode.swift; path = PaddingLabel.swift; sourceTree = "<group>"; };
		8B1D5E3A25ECC1DF00875F60 /* CALayer_Extension.swift */ = {isa = PBXFileReference; lastKnownFileType = sourcecode.swift; path = CALayer_Extension.swift; sourceTree = "<group>"; };
		8B1D5E6925ED0F8400875F60 /* ListViewController.swift */ = {isa = PBXFileReference; lastKnownFileType = sourcecode.swift; path = ListViewController.swift; sourceTree = "<group>"; };
		8B1D5E8C25EE1DE100875F60 /* GoogleService-Info.plist */ = {isa = PBXFileReference; fileEncoding = 4; lastKnownFileType = text.plist.xml; path = "GoogleService-Info.plist"; sourceTree = "<group>"; };
		8B3F470225F6855D00420A86 /* SettingsViewController.swift */ = {isa = PBXFileReference; lastKnownFileType = sourcecode.swift; path = SettingsViewController.swift; sourceTree = "<group>"; };
		8B3F471325F6917D00420A86 /* DetailViewController.swift */ = {isa = PBXFileReference; lastKnownFileType = sourcecode.swift; path = DetailViewController.swift; sourceTree = "<group>"; };
		8B52DE6925E4D15A003CA9A9 /* WishViewController.swift */ = {isa = PBXFileReference; lastKnownFileType = sourcecode.swift; path = WishViewController.swift; sourceTree = "<group>"; };
		8B52DE7425E4E02C003CA9A9 /* PostView.swift */ = {isa = PBXFileReference; lastKnownFileType = sourcecode.swift; path = PostView.swift; sourceTree = "<group>"; };
		8B52DE7925E4E045003CA9A9 /* PostView.xib */ = {isa = PBXFileReference; lastKnownFileType = file.xib; path = PostView.xib; sourceTree = "<group>"; };
		8B52DE7E25E50A2B003CA9A9 /* Extensions.swift */ = {isa = PBXFileReference; lastKnownFileType = sourcecode.swift; path = Extensions.swift; sourceTree = "<group>"; };
		8B67311E25F74077006792F7 /* BlockedUidsViewController.swift */ = {isa = PBXFileReference; lastKnownFileType = sourcecode.swift; path = BlockedUidsViewController.swift; sourceTree = "<group>"; };
		8B67312925F76732006792F7 /* EULAViewController.swift */ = {isa = PBXFileReference; lastKnownFileType = sourcecode.swift; path = EULAViewController.swift; sourceTree = "<group>"; };
		8BA1FD6825F7958F00A0718D /* WishUponAStar.entitlements */ = {isa = PBXFileReference; lastKnownFileType = text.plist.entitlements; path = WishUponAStar.entitlements; sourceTree = "<group>"; };
		8BA1FD8125FA06B600A0718D /* SetUpWishViewController.swift */ = {isa = PBXFileReference; lastKnownFileType = sourcecode.swift; path = SetUpWishViewController.swift; sourceTree = "<group>"; };
		8F024FEC3048209432B1DEF2 /* Pods-WishUponAStarTests.release.xcconfig */ = {isa = PBXFileReference; includeInIndex = 1; lastKnownFileType = text.xcconfig; name = "Pods-WishUponAStarTests.release.xcconfig"; path = "Target Support Files/Pods-WishUponAStarTests/Pods-WishUponAStarTests.release.xcconfig"; sourceTree = "<group>"; };
		C3D401196AD75A799D01D569 /* Pods-WishUponAStar.release.xcconfig */ = {isa = PBXFileReference; includeInIndex = 1; lastKnownFileType = text.xcconfig; name = "Pods-WishUponAStar.release.xcconfig"; path = "Target Support Files/Pods-WishUponAStar/Pods-WishUponAStar.release.xcconfig"; sourceTree = "<group>"; };
		D9B298CAB6B155E6E968E886 /* Pods-WishUponAStarTests.debug.xcconfig */ = {isa = PBXFileReference; includeInIndex = 1; lastKnownFileType = text.xcconfig; name = "Pods-WishUponAStarTests.debug.xcconfig"; path = "Target Support Files/Pods-WishUponAStarTests/Pods-WishUponAStarTests.debug.xcconfig"; sourceTree = "<group>"; };
		E0A398609BC6480E18AB61A2 /* Pods-WishUponAStar-WishUponAStarUITests.debug.xcconfig */ = {isa = PBXFileReference; includeInIndex = 1; lastKnownFileType = text.xcconfig; name = "Pods-WishUponAStar-WishUponAStarUITests.debug.xcconfig"; path = "Target Support Files/Pods-WishUponAStar-WishUponAStarUITests/Pods-WishUponAStar-WishUponAStarUITests.debug.xcconfig"; sourceTree = "<group>"; };
/* End PBXFileReference section */

/* Begin PBXFrameworksBuildPhase section */
		8B11F4A025E38E8500A5CB8A /* Frameworks */ = {
			isa = PBXFrameworksBuildPhase;
			buildActionMask = 2147483647;
			files = (
				046A8DE224E53B1F557D9BBB /* Pods_WishUponAStar.framework in Frameworks */,
			);
			runOnlyForDeploymentPostprocessing = 0;
		};
		8B11F4B625E38E8700A5CB8A /* Frameworks */ = {
			isa = PBXFrameworksBuildPhase;
			buildActionMask = 2147483647;
			files = (
				385638CE87A2706E2FA0C1D9 /* Pods_WishUponAStarTests.framework in Frameworks */,
			);
			runOnlyForDeploymentPostprocessing = 0;
		};
		8B11F4C125E38E8700A5CB8A /* Frameworks */ = {
			isa = PBXFrameworksBuildPhase;
			buildActionMask = 2147483647;
			files = (
				F549572D051CAA0266A67D5A /* Pods_WishUponAStar_WishUponAStarUITests.framework in Frameworks */,
			);
			runOnlyForDeploymentPostprocessing = 0;
		};
/* End PBXFrameworksBuildPhase section */

/* Begin PBXGroup section */
		229641DD3A578D5292FA28F3 /* Frameworks */ = {
			isa = PBXGroup;
			children = (
				8A58A16CF1BAF8CDBC18C2E1 /* Pods_WishUponAStar.framework */,
				5F757143FCFB7A08DECC387A /* Pods_WishUponAStar_WishUponAStarUITests.framework */,
				72C91E65AD886FCBC59FF0F4 /* Pods_WishUponAStarTests.framework */,
			);
			name = Frameworks;
			sourceTree = "<group>";
		};
		8B11F49A25E38E8500A5CB8A = {
			isa = PBXGroup;
			children = (
				8B11F4A525E38E8500A5CB8A /* WishUponAStar */,
				8B11F4BC25E38E8700A5CB8A /* WishUponAStarTests */,
				8B11F4C725E38E8700A5CB8A /* WishUponAStarUITests */,
				8B11F4A425E38E8500A5CB8A /* Products */,
				8D79D637DAE29DFD652D5088 /* Pods */,
				229641DD3A578D5292FA28F3 /* Frameworks */,
			);
			sourceTree = "<group>";
		};
		8B11F4A425E38E8500A5CB8A /* Products */ = {
			isa = PBXGroup;
			children = (
				8B11F4A325E38E8500A5CB8A /* WishUponAStar.app */,
				8B11F4B925E38E8700A5CB8A /* WishUponAStarTests.xctest */,
				8B11F4C425E38E8700A5CB8A /* WishUponAStarUITests.xctest */,
			);
			name = Products;
			sourceTree = "<group>";
		};
		8B11F4A525E38E8500A5CB8A /* WishUponAStar */ = {
			isa = PBXGroup;
			children = (
				8BA1FD6825F7958F00A0718D /* WishUponAStar.entitlements */,
				8B11F4A625E38E8500A5CB8A /* AppDelegate.swift */,
				8B11F4A825E38E8500A5CB8A /* SceneDelegate.swift */,
				8B11F4AA25E38E8500A5CB8A /* ViewController.swift */,
				8B11F4AC25E38E8500A5CB8A /* Main.storyboard */,
				8B11F4AF25E38E8700A5CB8A /* Assets.xcassets */,
				8B11F4B125E38E8700A5CB8A /* LaunchScreen.storyboard */,
				8B11F4B425E38E8700A5CB8A /* Info.plist */,
				8B11F4DC25E390B100A5CB8A /* Designable.swift */,
				8B52DE6925E4D15A003CA9A9 /* WishViewController.swift */,
				8B52DE7425E4E02C003CA9A9 /* PostView.swift */,
				8B52DE7925E4E045003CA9A9 /* PostView.xib */,
				8B52DE7E25E50A2B003CA9A9 /* Extensions.swift */,
				8B1D5E1B25E7781100875F60 /* TutorialViewController.swift */,
				8B1D5E2F25EC8A5C00875F60 /* PaddingLabel.swift */,
				8B1D5E3A25ECC1DF00875F60 /* CALayer_Extension.swift */,
				8B1D5E6925ED0F8400875F60 /* ListViewController.swift */,
				8B1D5E8C25EE1DE100875F60 /* GoogleService-Info.plist */,
				8B3F470225F6855D00420A86 /* SettingsViewController.swift */,
				8B3F471325F6917D00420A86 /* DetailViewController.swift */,
				8B67311E25F74077006792F7 /* BlockedUidsViewController.swift */,
				8B67312925F76732006792F7 /* EULAViewController.swift */,
				8BA1FD8125FA06B600A0718D /* SetUpWishViewController.swift */,
			);
			path = WishUponAStar;
			sourceTree = "<group>";
		};
		8B11F4BC25E38E8700A5CB8A /* WishUponAStarTests */ = {
			isa = PBXGroup;
			children = (
				8B11F4BD25E38E8700A5CB8A /* WishUponAStarTests.swift */,
				8B11F4BF25E38E8700A5CB8A /* Info.plist */,
			);
			path = WishUponAStarTests;
			sourceTree = "<group>";
		};
		8B11F4C725E38E8700A5CB8A /* WishUponAStarUITests */ = {
			isa = PBXGroup;
			children = (
				8B11F4C825E38E8700A5CB8A /* WishUponAStarUITests.swift */,
				8B11F4CA25E38E8700A5CB8A /* Info.plist */,
			);
			path = WishUponAStarUITests;
			sourceTree = "<group>";
		};
		8D79D637DAE29DFD652D5088 /* Pods */ = {
			isa = PBXGroup;
			children = (
				412F4B8F3B4375F7640673AD /* Pods-WishUponAStar.debug.xcconfig */,
				C3D401196AD75A799D01D569 /* Pods-WishUponAStar.release.xcconfig */,
				E0A398609BC6480E18AB61A2 /* Pods-WishUponAStar-WishUponAStarUITests.debug.xcconfig */,
				61C6C43D1B2E296D7EA8F901 /* Pods-WishUponAStar-WishUponAStarUITests.release.xcconfig */,
				D9B298CAB6B155E6E968E886 /* Pods-WishUponAStarTests.debug.xcconfig */,
				8F024FEC3048209432B1DEF2 /* Pods-WishUponAStarTests.release.xcconfig */,
			);
			path = Pods;
			sourceTree = "<group>";
		};
/* End PBXGroup section */

/* Begin PBXNativeTarget section */
		8B11F4A225E38E8500A5CB8A /* WishUponAStar */ = {
			isa = PBXNativeTarget;
			buildConfigurationList = 8B11F4CD25E38E8800A5CB8A /* Build configuration list for PBXNativeTarget "WishUponAStar" */;
			buildPhases = (
				EB030946CD4B75FDD7C73D21 /* [CP] Check Pods Manifest.lock */,
				8B11F49F25E38E8500A5CB8A /* Sources */,
				8B11F4A025E38E8500A5CB8A /* Frameworks */,
				8B11F4A125E38E8500A5CB8A /* Resources */,
				FF001E37F7C3970106584945 /* [CP] Embed Pods Frameworks */,
			);
			buildRules = (
			);
			dependencies = (
			);
			name = WishUponAStar;
			productName = WishUponAStar;
			productReference = 8B11F4A325E38E8500A5CB8A /* WishUponAStar.app */;
			productType = "com.apple.product-type.application";
		};
		8B11F4B825E38E8700A5CB8A /* WishUponAStarTests */ = {
			isa = PBXNativeTarget;
			buildConfigurationList = 8B11F4D025E38E8800A5CB8A /* Build configuration list for PBXNativeTarget "WishUponAStarTests" */;
			buildPhases = (
				8060031FBDBED8A01AAE2B87 /* [CP] Check Pods Manifest.lock */,
				8B11F4B525E38E8700A5CB8A /* Sources */,
				8B11F4B625E38E8700A5CB8A /* Frameworks */,
				8B11F4B725E38E8700A5CB8A /* Resources */,
			);
			buildRules = (
			);
			dependencies = (
				8B11F4BB25E38E8700A5CB8A /* PBXTargetDependency */,
			);
			name = WishUponAStarTests;
			productName = WishUponAStarTests;
			productReference = 8B11F4B925E38E8700A5CB8A /* WishUponAStarTests.xctest */;
			productType = "com.apple.product-type.bundle.unit-test";
		};
		8B11F4C325E38E8700A5CB8A /* WishUponAStarUITests */ = {
			isa = PBXNativeTarget;
			buildConfigurationList = 8B11F4D325E38E8800A5CB8A /* Build configuration list for PBXNativeTarget "WishUponAStarUITests" */;
			buildPhases = (
				462FF1012A663E8512CFB53E /* [CP] Check Pods Manifest.lock */,
				8B11F4C025E38E8700A5CB8A /* Sources */,
				8B11F4C125E38E8700A5CB8A /* Frameworks */,
				8B11F4C225E38E8700A5CB8A /* Resources */,
				CB7B4F178994FD5CEB921458 /* [CP] Embed Pods Frameworks */,
			);
			buildRules = (
			);
			dependencies = (
				8B11F4C625E38E8700A5CB8A /* PBXTargetDependency */,
			);
			name = WishUponAStarUITests;
			productName = WishUponAStarUITests;
			productReference = 8B11F4C425E38E8700A5CB8A /* WishUponAStarUITests.xctest */;
			productType = "com.apple.product-type.bundle.ui-testing";
		};
/* End PBXNativeTarget section */

/* Begin PBXProject section */
		8B11F49B25E38E8500A5CB8A /* Project object */ = {
			isa = PBXProject;
			attributes = {
				LastSwiftUpdateCheck = 1240;
				LastUpgradeCheck = 1240;
				TargetAttributes = {
					8B11F4A225E38E8500A5CB8A = {
						CreatedOnToolsVersion = 12.4;
					};
					8B11F4B825E38E8700A5CB8A = {
						CreatedOnToolsVersion = 12.4;
						TestTargetID = 8B11F4A225E38E8500A5CB8A;
					};
					8B11F4C325E38E8700A5CB8A = {
						CreatedOnToolsVersion = 12.4;
						TestTargetID = 8B11F4A225E38E8500A5CB8A;
					};
				};
			};
			buildConfigurationList = 8B11F49E25E38E8500A5CB8A /* Build configuration list for PBXProject "WishUponAStar" */;
			compatibilityVersion = "Xcode 9.3";
			developmentRegion = en;
			hasScannedForEncodings = 0;
			knownRegions = (
				en,
				Base,
			);
			mainGroup = 8B11F49A25E38E8500A5CB8A;
			productRefGroup = 8B11F4A425E38E8500A5CB8A /* Products */;
			projectDirPath = "";
			projectRoot = "";
			targets = (
				8B11F4A225E38E8500A5CB8A /* WishUponAStar */,
				8B11F4B825E38E8700A5CB8A /* WishUponAStarTests */,
				8B11F4C325E38E8700A5CB8A /* WishUponAStarUITests */,
			);
		};
/* End PBXProject section */

/* Begin PBXResourcesBuildPhase section */
		8B11F4A125E38E8500A5CB8A /* Resources */ = {
			isa = PBXResourcesBuildPhase;
			buildActionMask = 2147483647;
			files = (
				8B11F4B325E38E8700A5CB8A /* LaunchScreen.storyboard in Resources */,
				8B52DE7A25E4E045003CA9A9 /* PostView.xib in Resources */,
				8B1D5E8D25EE1DE100875F60 /* GoogleService-Info.plist in Resources */,
				8B11F4B025E38E8700A5CB8A /* Assets.xcassets in Resources */,
				8B11F4AE25E38E8500A5CB8A /* Main.storyboard in Resources */,
			);
			runOnlyForDeploymentPostprocessing = 0;
		};
		8B11F4B725E38E8700A5CB8A /* Resources */ = {
			isa = PBXResourcesBuildPhase;
			buildActionMask = 2147483647;
			files = (
				8B1D5E8E25EE1DE100875F60 /* GoogleService-Info.plist in Resources */,
			);
			runOnlyForDeploymentPostprocessing = 0;
		};
		8B11F4C225E38E8700A5CB8A /* Resources */ = {
			isa = PBXResourcesBuildPhase;
			buildActionMask = 2147483647;
			files = (
				8B1D5E8F25EE1DE100875F60 /* GoogleService-Info.plist in Resources */,
			);
			runOnlyForDeploymentPostprocessing = 0;
		};
/* End PBXResourcesBuildPhase section */

/* Begin PBXShellScriptBuildPhase section */
		462FF1012A663E8512CFB53E /* [CP] Check Pods Manifest.lock */ = {
			isa = PBXShellScriptBuildPhase;
			buildActionMask = 2147483647;
			files = (
			);
			inputFileListPaths = (
			);
			inputPaths = (
				"${PODS_PODFILE_DIR_PATH}/Podfile.lock",
				"${PODS_ROOT}/Manifest.lock",
			);
			name = "[CP] Check Pods Manifest.lock";
			outputFileListPaths = (
			);
			outputPaths = (
				"$(DERIVED_FILE_DIR)/Pods-WishUponAStar-WishUponAStarUITests-checkManifestLockResult.txt",
			);
			runOnlyForDeploymentPostprocessing = 0;
			shellPath = /bin/sh;
			shellScript = "diff \"${PODS_PODFILE_DIR_PATH}/Podfile.lock\" \"${PODS_ROOT}/Manifest.lock\" > /dev/null\nif [ $? != 0 ] ; then\n    # print error to STDERR\n    echo \"error: The sandbox is not in sync with the Podfile.lock. Run 'pod install' or update your CocoaPods installation.\" >&2\n    exit 1\nfi\n# This output is used by Xcode 'outputs' to avoid re-running this script phase.\necho \"SUCCESS\" > \"${SCRIPT_OUTPUT_FILE_0}\"\n";
			showEnvVarsInLog = 0;
		};
		8060031FBDBED8A01AAE2B87 /* [CP] Check Pods Manifest.lock */ = {
			isa = PBXShellScriptBuildPhase;
			buildActionMask = 2147483647;
			files = (
			);
			inputFileListPaths = (
			);
			inputPaths = (
				"${PODS_PODFILE_DIR_PATH}/Podfile.lock",
				"${PODS_ROOT}/Manifest.lock",
			);
			name = "[CP] Check Pods Manifest.lock";
			outputFileListPaths = (
			);
			outputPaths = (
				"$(DERIVED_FILE_DIR)/Pods-WishUponAStarTests-checkManifestLockResult.txt",
			);
			runOnlyForDeploymentPostprocessing = 0;
			shellPath = /bin/sh;
			shellScript = "diff \"${PODS_PODFILE_DIR_PATH}/Podfile.lock\" \"${PODS_ROOT}/Manifest.lock\" > /dev/null\nif [ $? != 0 ] ; then\n    # print error to STDERR\n    echo \"error: The sandbox is not in sync with the Podfile.lock. Run 'pod install' or update your CocoaPods installation.\" >&2\n    exit 1\nfi\n# This output is used by Xcode 'outputs' to avoid re-running this script phase.\necho \"SUCCESS\" > \"${SCRIPT_OUTPUT_FILE_0}\"\n";
			showEnvVarsInLog = 0;
		};
		CB7B4F178994FD5CEB921458 /* [CP] Embed Pods Frameworks */ = {
			isa = PBXShellScriptBuildPhase;
			buildActionMask = 2147483647;
			files = (
			);
			inputFileListPaths = (
				"${PODS_ROOT}/Target Support Files/Pods-WishUponAStar-WishUponAStarUITests/Pods-WishUponAStar-WishUponAStarUITests-frameworks-${CONFIGURATION}-input-files.xcfilelist",
			);
			name = "[CP] Embed Pods Frameworks";
			outputFileListPaths = (
				"${PODS_ROOT}/Target Support Files/Pods-WishUponAStar-WishUponAStarUITests/Pods-WishUponAStar-WishUponAStarUITests-frameworks-${CONFIGURATION}-output-files.xcfilelist",
			);
			runOnlyForDeploymentPostprocessing = 0;
			shellPath = /bin/sh;
			shellScript = "\"${PODS_ROOT}/Target Support Files/Pods-WishUponAStar-WishUponAStarUITests/Pods-WishUponAStar-WishUponAStarUITests-frameworks.sh\"\n";
			showEnvVarsInLog = 0;
		};
		EB030946CD4B75FDD7C73D21 /* [CP] Check Pods Manifest.lock */ = {
			isa = PBXShellScriptBuildPhase;
			buildActionMask = 2147483647;
			files = (
			);
			inputFileListPaths = (
			);
			inputPaths = (
				"${PODS_PODFILE_DIR_PATH}/Podfile.lock",
				"${PODS_ROOT}/Manifest.lock",
			);
			name = "[CP] Check Pods Manifest.lock";
			outputFileListPaths = (
			);
			outputPaths = (
				"$(DERIVED_FILE_DIR)/Pods-WishUponAStar-checkManifestLockResult.txt",
			);
			runOnlyForDeploymentPostprocessing = 0;
			shellPath = /bin/sh;
			shellScript = "diff \"${PODS_PODFILE_DIR_PATH}/Podfile.lock\" \"${PODS_ROOT}/Manifest.lock\" > /dev/null\nif [ $? != 0 ] ; then\n    # print error to STDERR\n    echo \"error: The sandbox is not in sync with the Podfile.lock. Run 'pod install' or update your CocoaPods installation.\" >&2\n    exit 1\nfi\n# This output is used by Xcode 'outputs' to avoid re-running this script phase.\necho \"SUCCESS\" > \"${SCRIPT_OUTPUT_FILE_0}\"\n";
			showEnvVarsInLog = 0;
		};
		FF001E37F7C3970106584945 /* [CP] Embed Pods Frameworks */ = {
			isa = PBXShellScriptBuildPhase;
			buildActionMask = 2147483647;
			files = (
			);
			inputFileListPaths = (
				"${PODS_ROOT}/Target Support Files/Pods-WishUponAStar/Pods-WishUponAStar-frameworks-${CONFIGURATION}-input-files.xcfilelist",
			);
			name = "[CP] Embed Pods Frameworks";
			outputFileListPaths = (
				"${PODS_ROOT}/Target Support Files/Pods-WishUponAStar/Pods-WishUponAStar-frameworks-${CONFIGURATION}-output-files.xcfilelist",
			);
			runOnlyForDeploymentPostprocessing = 0;
			shellPath = /bin/sh;
			shellScript = "\"${PODS_ROOT}/Target Support Files/Pods-WishUponAStar/Pods-WishUponAStar-frameworks.sh\"\n";
			showEnvVarsInLog = 0;
		};
/* End PBXShellScriptBuildPhase section */

/* Begin PBXSourcesBuildPhase section */
		8B11F49F25E38E8500A5CB8A /* Sources */ = {
			isa = PBXSourcesBuildPhase;
			buildActionMask = 2147483647;
			files = (
				8B67312A25F76732006792F7 /* EULAViewController.swift in Sources */,
				8B3F471425F6917D00420A86 /* DetailViewController.swift in Sources */,
				8B11F4AB25E38E8500A5CB8A /* ViewController.swift in Sources */,
				8BA1FD8225FA06B600A0718D /* SetUpWishViewController.swift in Sources */,
				8B11F4DD25E390B100A5CB8A /* Designable.swift in Sources */,
				8B1D5E1C25E7781100875F60 /* TutorialViewController.swift in Sources */,
				8B1D5E3B25ECC1DF00875F60 /* CALayer_Extension.swift in Sources */,
				8B11F4A725E38E8500A5CB8A /* AppDelegate.swift in Sources */,
				8B1D5E6A25ED0F8400875F60 /* ListViewController.swift in Sources */,
				8B52DE6A25E4D15A003CA9A9 /* WishViewController.swift in Sources */,
				8B52DE7525E4E02C003CA9A9 /* PostView.swift in Sources */,
				8B1D5E3025EC8A5C00875F60 /* PaddingLabel.swift in Sources */,
				8B11F4A925E38E8500A5CB8A /* SceneDelegate.swift in Sources */,
				8B52DE7F25E50A2B003CA9A9 /* Extensions.swift in Sources */,
				8B67311F25F74077006792F7 /* BlockedUidsViewController.swift in Sources */,
				8B3F470325F6855D00420A86 /* SettingsViewController.swift in Sources */,
			);
			runOnlyForDeploymentPostprocessing = 0;
		};
		8B11F4B525E38E8700A5CB8A /* Sources */ = {
			isa = PBXSourcesBuildPhase;
			buildActionMask = 2147483647;
			files = (
				8B11F4BE25E38E8700A5CB8A /* WishUponAStarTests.swift in Sources */,
			);
			runOnlyForDeploymentPostprocessing = 0;
		};
		8B11F4C025E38E8700A5CB8A /* Sources */ = {
			isa = PBXSourcesBuildPhase;
			buildActionMask = 2147483647;
			files = (
				8B11F4C925E38E8700A5CB8A /* WishUponAStarUITests.swift in Sources */,
			);
			runOnlyForDeploymentPostprocessing = 0;
		};
/* End PBXSourcesBuildPhase section */

/* Begin PBXTargetDependency section */
		8B11F4BB25E38E8700A5CB8A /* PBXTargetDependency */ = {
			isa = PBXTargetDependency;
			target = 8B11F4A225E38E8500A5CB8A /* WishUponAStar */;
			targetProxy = 8B11F4BA25E38E8700A5CB8A /* PBXContainerItemProxy */;
		};
		8B11F4C625E38E8700A5CB8A /* PBXTargetDependency */ = {
			isa = PBXTargetDependency;
			target = 8B11F4A225E38E8500A5CB8A /* WishUponAStar */;
			targetProxy = 8B11F4C525E38E8700A5CB8A /* PBXContainerItemProxy */;
		};
/* End PBXTargetDependency section */

/* Begin PBXVariantGroup section */
		8B11F4AC25E38E8500A5CB8A /* Main.storyboard */ = {
			isa = PBXVariantGroup;
			children = (
				8B11F4AD25E38E8500A5CB8A /* Base */,
			);
			name = Main.storyboard;
			sourceTree = "<group>";
		};
		8B11F4B125E38E8700A5CB8A /* LaunchScreen.storyboard */ = {
			isa = PBXVariantGroup;
			children = (
				8B11F4B225E38E8700A5CB8A /* Base */,
			);
			name = LaunchScreen.storyboard;
			sourceTree = "<group>";
		};
/* End PBXVariantGroup section */

/* Begin XCBuildConfiguration section */
		8B11F4CB25E38E8800A5CB8A /* Debug */ = {
			isa = XCBuildConfiguration;
			buildSettings = {
				ALWAYS_SEARCH_USER_PATHS = NO;
				CLANG_ANALYZER_NONNULL = YES;
				CLANG_ANALYZER_NUMBER_OBJECT_CONVERSION = YES_AGGRESSIVE;
				CLANG_CXX_LANGUAGE_STANDARD = "gnu++14";
				CLANG_CXX_LIBRARY = "libc++";
				CLANG_ENABLE_MODULES = YES;
				CLANG_ENABLE_OBJC_ARC = YES;
				CLANG_ENABLE_OBJC_WEAK = YES;
				CLANG_WARN_BLOCK_CAPTURE_AUTORELEASING = YES;
				CLANG_WARN_BOOL_CONVERSION = YES;
				CLANG_WARN_COMMA = YES;
				CLANG_WARN_CONSTANT_CONVERSION = YES;
				CLANG_WARN_DEPRECATED_OBJC_IMPLEMENTATIONS = YES;
				CLANG_WARN_DIRECT_OBJC_ISA_USAGE = YES_ERROR;
				CLANG_WARN_DOCUMENTATION_COMMENTS = YES;
				CLANG_WARN_EMPTY_BODY = YES;
				CLANG_WARN_ENUM_CONVERSION = YES;
				CLANG_WARN_INFINITE_RECURSION = YES;
				CLANG_WARN_INT_CONVERSION = YES;
				CLANG_WARN_NON_LITERAL_NULL_CONVERSION = YES;
				CLANG_WARN_OBJC_IMPLICIT_RETAIN_SELF = YES;
				CLANG_WARN_OBJC_LITERAL_CONVERSION = YES;
				CLANG_WARN_OBJC_ROOT_CLASS = YES_ERROR;
				CLANG_WARN_QUOTED_INCLUDE_IN_FRAMEWORK_HEADER = YES;
				CLANG_WARN_RANGE_LOOP_ANALYSIS = YES;
				CLANG_WARN_STRICT_PROTOTYPES = YES;
				CLANG_WARN_SUSPICIOUS_MOVE = YES;
				CLANG_WARN_UNGUARDED_AVAILABILITY = YES_AGGRESSIVE;
				CLANG_WARN_UNREACHABLE_CODE = YES;
				CLANG_WARN__DUPLICATE_METHOD_MATCH = YES;
				COPY_PHASE_STRIP = NO;
				DEBUG_INFORMATION_FORMAT = dwarf;
				ENABLE_STRICT_OBJC_MSGSEND = YES;
				ENABLE_TESTABILITY = YES;
				GCC_C_LANGUAGE_STANDARD = gnu11;
				GCC_DYNAMIC_NO_PIC = NO;
				GCC_NO_COMMON_BLOCKS = YES;
				GCC_OPTIMIZATION_LEVEL = 0;
				GCC_PREPROCESSOR_DEFINITIONS = (
					"DEBUG=1",
					"$(inherited)",
				);
				GCC_WARN_64_TO_32_BIT_CONVERSION = YES;
				GCC_WARN_ABOUT_RETURN_TYPE = YES_ERROR;
				GCC_WARN_UNDECLARED_SELECTOR = YES;
				GCC_WARN_UNINITIALIZED_AUTOS = YES_AGGRESSIVE;
				GCC_WARN_UNUSED_FUNCTION = YES;
				GCC_WARN_UNUSED_VARIABLE = YES;
				IPHONEOS_DEPLOYMENT_TARGET = 14.4;
				MTL_ENABLE_DEBUG_INFO = INCLUDE_SOURCE;
				MTL_FAST_MATH = YES;
				ONLY_ACTIVE_ARCH = YES;
				SDKROOT = iphoneos;
				SWIFT_ACTIVE_COMPILATION_CONDITIONS = DEBUG;
				SWIFT_OPTIMIZATION_LEVEL = "-Onone";
			};
			name = Debug;
		};
		8B11F4CC25E38E8800A5CB8A /* Release */ = {
			isa = XCBuildConfiguration;
			buildSettings = {
				ALWAYS_SEARCH_USER_PATHS = NO;
				CLANG_ANALYZER_NONNULL = YES;
				CLANG_ANALYZER_NUMBER_OBJECT_CONVERSION = YES_AGGRESSIVE;
				CLANG_CXX_LANGUAGE_STANDARD = "gnu++14";
				CLANG_CXX_LIBRARY = "libc++";
				CLANG_ENABLE_MODULES = YES;
				CLANG_ENABLE_OBJC_ARC = YES;
				CLANG_ENABLE_OBJC_WEAK = YES;
				CLANG_WARN_BLOCK_CAPTURE_AUTORELEASING = YES;
				CLANG_WARN_BOOL_CONVERSION = YES;
				CLANG_WARN_COMMA = YES;
				CLANG_WARN_CONSTANT_CONVERSION = YES;
				CLANG_WARN_DEPRECATED_OBJC_IMPLEMENTATIONS = YES;
				CLANG_WARN_DIRECT_OBJC_ISA_USAGE = YES_ERROR;
				CLANG_WARN_DOCUMENTATION_COMMENTS = YES;
				CLANG_WARN_EMPTY_BODY = YES;
				CLANG_WARN_ENUM_CONVERSION = YES;
				CLANG_WARN_INFINITE_RECURSION = YES;
				CLANG_WARN_INT_CONVERSION = YES;
				CLANG_WARN_NON_LITERAL_NULL_CONVERSION = YES;
				CLANG_WARN_OBJC_IMPLICIT_RETAIN_SELF = YES;
				CLANG_WARN_OBJC_LITERAL_CONVERSION = YES;
				CLANG_WARN_OBJC_ROOT_CLASS = YES_ERROR;
				CLANG_WARN_QUOTED_INCLUDE_IN_FRAMEWORK_HEADER = YES;
				CLANG_WARN_RANGE_LOOP_ANALYSIS = YES;
				CLANG_WARN_STRICT_PROTOTYPES = YES;
				CLANG_WARN_SUSPICIOUS_MOVE = YES;
				CLANG_WARN_UNGUARDED_AVAILABILITY = YES_AGGRESSIVE;
				CLANG_WARN_UNREACHABLE_CODE = YES;
				CLANG_WARN__DUPLICATE_METHOD_MATCH = YES;
				COPY_PHASE_STRIP = NO;
				DEBUG_INFORMATION_FORMAT = "dwarf-with-dsym";
				ENABLE_NS_ASSERTIONS = NO;
				ENABLE_STRICT_OBJC_MSGSEND = YES;
				GCC_C_LANGUAGE_STANDARD = gnu11;
				GCC_NO_COMMON_BLOCKS = YES;
				GCC_WARN_64_TO_32_BIT_CONVERSION = YES;
				GCC_WARN_ABOUT_RETURN_TYPE = YES_ERROR;
				GCC_WARN_UNDECLARED_SELECTOR = YES;
				GCC_WARN_UNINITIALIZED_AUTOS = YES_AGGRESSIVE;
				GCC_WARN_UNUSED_FUNCTION = YES;
				GCC_WARN_UNUSED_VARIABLE = YES;
				IPHONEOS_DEPLOYMENT_TARGET = 14.4;
				MTL_ENABLE_DEBUG_INFO = NO;
				MTL_FAST_MATH = YES;
				SDKROOT = iphoneos;
				SWIFT_COMPILATION_MODE = wholemodule;
				SWIFT_OPTIMIZATION_LEVEL = "-O";
				VALIDATE_PRODUCT = YES;
			};
			name = Release;
		};
		8B11F4CE25E38E8800A5CB8A /* Debug */ = {
			isa = XCBuildConfiguration;
			baseConfigurationReference = 412F4B8F3B4375F7640673AD /* Pods-WishUponAStar.debug.xcconfig */;
			buildSettings = {
				ASSETCATALOG_COMPILER_APPICON_NAME = AppIcon;
				ASSETCATALOG_COMPILER_GLOBAL_ACCENT_COLOR_NAME = AccentColor;
				CODE_SIGN_ENTITLEMENTS = WishUponAStar/WishUponAStar.entitlements;
				CODE_SIGN_IDENTITY = "iPhone Developer";
				CODE_SIGN_STYLE = Manual;
				CURRENT_PROJECT_VERSION = 1.0.0.5;
				DEVELOPMENT_TEAM = 2K446D59RQ;
				INFOPLIST_FILE = WishUponAStar/Info.plist;
				IPHONEOS_DEPLOYMENT_TARGET = 13.0;
				LD_RUNPATH_SEARCH_PATHS = (
					"$(inherited)",
					"@executable_path/Frameworks",
				);
				MARKETING_VERSION = 1.0.0;
				PRODUCT_BUNDLE_IDENTIFIER = jp.co.lifeistech.WishUponAStar2;
				PRODUCT_NAME = "$(TARGET_NAME)";
				PROVISIONING_PROFILE_SPECIFIER = "LA1-Ueyama-Development";
				SWIFT_VERSION = 5.0;
				TARGETED_DEVICE_FAMILY = 1;
			};
			name = Debug;
		};
		8B11F4CF25E38E8800A5CB8A /* Release */ = {
			isa = XCBuildConfiguration;
			baseConfigurationReference = C3D401196AD75A799D01D569 /* Pods-WishUponAStar.release.xcconfig */;
			buildSettings = {
				ASSETCATALOG_COMPILER_APPICON_NAME = AppIcon;
				ASSETCATALOG_COMPILER_GLOBAL_ACCENT_COLOR_NAME = AccentColor;
				CODE_SIGN_ENTITLEMENTS = WishUponAStar/WishUponAStar.entitlements;
				CODE_SIGN_IDENTITY = "iPhone Developer";
				CODE_SIGN_STYLE = Manual;
				CURRENT_PROJECT_VERSION = 1.0.0.5;
				DEVELOPMENT_TEAM = 2K446D59RQ;
				INFOPLIST_FILE = WishUponAStar/Info.plist;
				IPHONEOS_DEPLOYMENT_TARGET = 13.0;
				LD_RUNPATH_SEARCH_PATHS = (
					"$(inherited)",
					"@executable_path/Frameworks",
				);
				MARKETING_VERSION = 1.0.0;
				PRODUCT_BUNDLE_IDENTIFIER = jp.co.lifeistech.WishUponAStar2;
				PRODUCT_NAME = "$(TARGET_NAME)";
				PROVISIONING_PROFILE_SPECIFIER = "LA1-Ueyama-Development";
				SWIFT_VERSION = 5.0;
				TARGETED_DEVICE_FAMILY = 1;
			};
			name = Release;
		};
		8B11F4D125E38E8800A5CB8A /* Debug */ = {
			isa = XCBuildConfiguration;
			baseConfigurationReference = D9B298CAB6B155E6E968E886 /* Pods-WishUponAStarTests.debug.xcconfig */;
			buildSettings = {
				ALWAYS_EMBED_SWIFT_STANDARD_LIBRARIES = YES;
				BUNDLE_LOADER = "$(TEST_HOST)";
				CODE_SIGN_STYLE = Automatic;
				DEVELOPMENT_TEAM = 4R2WEKFX8S;
				INFOPLIST_FILE = WishUponAStarTests/Info.plist;
				IPHONEOS_DEPLOYMENT_TARGET = 14.4;
				LD_RUNPATH_SEARCH_PATHS = (
					"$(inherited)",
					"@executable_path/Frameworks",
					"@loader_path/Frameworks",
				);
				PRODUCT_BUNDLE_IDENTIFIER = com.nullworkbench.WishUponAStarTests;
				PRODUCT_NAME = "$(TARGET_NAME)";
				SWIFT_VERSION = 5.0;
				TARGETED_DEVICE_FAMILY = "1,2";
				TEST_HOST = "$(BUILT_PRODUCTS_DIR)/WishUponAStar.app/WishUponAStar";
			};
			name = Debug;
		};
		8B11F4D225E38E8800A5CB8A /* Release */ = {
			isa = XCBuildConfiguration;
			baseConfigurationReference = 8F024FEC3048209432B1DEF2 /* Pods-WishUponAStarTests.release.xcconfig */;
			buildSettings = {
				ALWAYS_EMBED_SWIFT_STANDARD_LIBRARIES = YES;
				BUNDLE_LOADER = "$(TEST_HOST)";
				CODE_SIGN_STYLE = Automatic;
				DEVELOPMENT_TEAM = 4R2WEKFX8S;
				INFOPLIST_FILE = WishUponAStarTests/Info.plist;
				IPHONEOS_DEPLOYMENT_TARGET = 14.4;
				LD_RUNPATH_SEARCH_PATHS = (
					"$(inherited)",
					"@executable_path/Frameworks",
					"@loader_path/Frameworks",
				);
				PRODUCT_BUNDLE_IDENTIFIER = com.nullworkbench.WishUponAStarTests;
				PRODUCT_NAME = "$(TARGET_NAME)";
				SWIFT_VERSION = 5.0;
				TARGETED_DEVICE_FAMILY = "1,2";
				TEST_HOST = "$(BUILT_PRODUCTS_DIR)/WishUponAStar.app/WishUponAStar";
			};
			name = Release;
		};
		8B11F4D425E38E8800A5CB8A /* Debug */ = {
			isa = XCBuildConfiguration;
			baseConfigurationReference = E0A398609BC6480E18AB61A2 /* Pods-WishUponAStar-WishUponAStarUITests.debug.xcconfig */;
			buildSettings = {
				ALWAYS_EMBED_SWIFT_STANDARD_LIBRARIES = YES;
				CODE_SIGN_STYLE = Automatic;
				DEVELOPMENT_TEAM = 4R2WEKFX8S;
				INFOPLIST_FILE = WishUponAStarUITests/Info.plist;
				LD_RUNPATH_SEARCH_PATHS = (
					"$(inherited)",
					"@executable_path/Frameworks",
					"@loader_path/Frameworks",
				);
				PRODUCT_BUNDLE_IDENTIFIER = com.nullworkbench.WishUponAStarUITests;
				PRODUCT_NAME = "$(TARGET_NAME)";
				SWIFT_VERSION = 5.0;
				TARGETED_DEVICE_FAMILY = "1,2";
				TEST_TARGET_NAME = WishUponAStar;
			};
			name = Debug;
		};
		8B11F4D525E38E8800A5CB8A /* Release */ = {
			isa = XCBuildConfiguration;
			baseConfigurationReference = 61C6C43D1B2E296D7EA8F901 /* Pods-WishUponAStar-WishUponAStarUITests.release.xcconfig */;
			buildSettings = {
				ALWAYS_EMBED_SWIFT_STANDARD_LIBRARIES = YES;
				CODE_SIGN_STYLE = Automatic;
				DEVELOPMENT_TEAM = 4R2WEKFX8S;
				INFOPLIST_FILE = WishUponAStarUITests/Info.plist;
				LD_RUNPATH_SEARCH_PATHS = (
					"$(inherited)",
					"@executable_path/Frameworks",
					"@loader_path/Frameworks",
				);
				PRODUCT_BUNDLE_IDENTIFIER = com.nullworkbench.WishUponAStarUITests;
				PRODUCT_NAME = "$(TARGET_NAME)";
				SWIFT_VERSION = 5.0;
				TARGETED_DEVICE_FAMILY = "1,2";
				TEST_TARGET_NAME = WishUponAStar;
			};
			name = Release;
		};
/* End XCBuildConfiguration section */

/* Begin XCConfigurationList section */
		8B11F49E25E38E8500A5CB8A /* Build configuration list for PBXProject "WishUponAStar" */ = {
			isa = XCConfigurationList;
			buildConfigurations = (
				8B11F4CB25E38E8800A5CB8A /* Debug */,
				8B11F4CC25E38E8800A5CB8A /* Release */,
			);
			defaultConfigurationIsVisible = 0;
			defaultConfigurationName = Release;
		};
		8B11F4CD25E38E8800A5CB8A /* Build configuration list for PBXNativeTarget "WishUponAStar" */ = {
			isa = XCConfigurationList;
			buildConfigurations = (
				8B11F4CE25E38E8800A5CB8A /* Debug */,
				8B11F4CF25E38E8800A5CB8A /* Release */,
			);
			defaultConfigurationIsVisible = 0;
			defaultConfigurationName = Release;
		};
		8B11F4D025E38E8800A5CB8A /* Build configuration list for PBXNativeTarget "WishUponAStarTests" */ = {
			isa = XCConfigurationList;
			buildConfigurations = (
				8B11F4D125E38E8800A5CB8A /* Debug */,
				8B11F4D225E38E8800A5CB8A /* Release */,
			);
			defaultConfigurationIsVisible = 0;
			defaultConfigurationName = Release;
		};
		8B11F4D325E38E8800A5CB8A /* Build configuration list for PBXNativeTarget "WishUponAStarUITests" */ = {
			isa = XCConfigurationList;
			buildConfigurations = (
				8B11F4D425E38E8800A5CB8A /* Debug */,
				8B11F4D525E38E8800A5CB8A /* Release */,
			);
			defaultConfigurationIsVisible = 0;
			defaultConfigurationName = Release;
		};
/* End XCConfigurationList section */
	};
	rootObject = 8B11F49B25E38E8500A5CB8A /* Project object */;
}
